
Microsoft Visual Studio Solution File, Format Version 12.00
# Visual Studio 14
VisualStudioVersion = 14.0.24720.0
MinimumVisualStudioVersion = 10.0.40219.1
Project("{FAE04EC0-301F-11D3-BF4B-00C04F79EFBC}") = "GaragePlanches", "GaragePlanches\GaragePlanches.csproj", "{BE3D6E45-4736-49AA-9FE6-F59019B2E995}"
EndProject
Project("{FAE04EC0-301F-11D3-BF4B-00C04F79EFBC}") = "GaragePlanches.Tests", "GaragePlanches.Tests\GaragePlanches.Tests.csproj", "{75E358EA-709F-4A7E-95A6-57D5553CE722}"
EndProject
Global
	GlobalSection(SolutionConfigurationPlatforms) = preSolution
		Debug|Any CPU = Debug|Any CPU
		Release|Any CPU = Release|Any CPU
	EndGlobalSection
	GlobalSection(ProjectConfigurationPlatforms) = postSolution
		{BE3D6E45-4736-49AA-9FE6-F59019B2E995}.Debug|Any CPU.ActiveCfg = Debug|Any CPU
		{BE3D6E45-4736-49AA-9FE6-F59019B2E995}.Debug|Any CPU.Build.0 = Debug|Any CPU
		{BE3D6E45-4736-49AA-9FE6-F59019B2E995}.Release|Any CPU.ActiveCfg = Release|Any CPU
		{BE3D6E45-4736-49AA-9FE6-F59019B2E995}.Release|Any CPU.Build.0 = Release|Any CPU
		{75E358EA-709F-4A7E-95A6-57D5553CE722}.Debug|Any CPU.ActiveCfg = Debug|Any CPU
		{75E358EA-709F-4A7E-95A6-57D5553CE722}.Debug|Any CPU.Build.0 = Debug|Any CPU
		{75E358EA-709F-4A7E-95A6-57D5553CE722}.Release|Any CPU.ActiveCfg = Release|Any CPU
		{75E358EA-709F-4A7E-95A6-57D5553CE722}.Release|Any CPU.Build.0 = Release|Any CPU
	EndGlobalSection
	GlobalSection(SolutionProperties) = preSolution
		HideSolutionNode = FALSE
	EndGlobalSection
EndGlobal
